// !$*UTF8*$!
{
	archiveVersion = 1;
	classes = {
	};
	objectVersion = 46;
	objects = {

/* Begin PBXBuildFile section */
		CBBA2BEC1F3DBB43002E2B3E /* MemeMeFieldDelegate.swift in Sources */ = {isa = PBXBuildFile; fileRef = CBBA2BEB1F3DBB43002E2B3E /* MemeMeFieldDelegate.swift */; };
		CBE82AFD1F284E500050ABD4 /* AppDelegate.swift in Sources */ = {isa = PBXBuildFile; fileRef = CBE82AFC1F284E500050ABD4 /* AppDelegate.swift */; };
		CBE82B021F284E500050ABD4 /* Main.storyboard in Resources */ = {isa = PBXBuildFile; fileRef = CBE82B001F284E500050ABD4 /* Main.storyboard */; };
		CBE82B041F284E500050ABD4 /* Assets.xcassets in Resources */ = {isa = PBXBuildFile; fileRef = CBE82B031F284E500050ABD4 /* Assets.xcassets */; };
		CBE82B071F284E500050ABD4 /* LaunchScreen.storyboard in Resources */ = {isa = PBXBuildFile; fileRef = CBE82B051F284E500050ABD4 /* LaunchScreen.storyboard */; };
		CBF04E2F1F6F4BB6009118C3 /* ViewController.swift in Sources */ = {isa = PBXBuildFile; fileRef = CBF04E2E1F6F4BB6009118C3 /* ViewController.swift */; };
/* End PBXBuildFile section */

/* Begin PBXFileReference section */
		CBBA2BEB1F3DBB43002E2B3E /* MemeMeFieldDelegate.swift */ = {isa = PBXFileReference; fileEncoding = 4; lastKnownFileType = sourcecode.swift; path = MemeMeFieldDelegate.swift; sourceTree = "<group>"; };
		CBE82AF91F284E500050ABD4 /* MemeMe.app */ = {isa = PBXFileReference; explicitFileType = wrapper.application; includeInIndex = 0; path = MemeMe.app; sourceTree = BUILT_PRODUCTS_DIR; };
		CBE82AFC1F284E500050ABD4 /* AppDelegate.swift */ = {isa = PBXFileReference; lastKnownFileType = sourcecode.swift; path = AppDelegate.swift; sourceTree = "<group>"; };
		CBE82B011F284E500050ABD4 /* Base */ = {isa = PBXFileReference; lastKnownFileType = file.storyboard; name = Base; path = Base.lproj/Main.storyboard; sourceTree = "<group>"; };
		CBE82B031F284E500050ABD4 /* Assets.xcassets */ = {isa = PBXFileReference; lastKnownFileType = folder.assetcatalog; path = Assets.xcassets; sourceTree = "<group>"; };
		CBE82B061F284E500050ABD4 /* Base */ = {isa = PBXFileReference; lastKnownFileType = file.storyboard; name = Base; path = Base.lproj/LaunchScreen.storyboard; sourceTree = "<group>"; };
		CBE82B081F284E500050ABD4 /* Info.plist */ = {isa = PBXFileReference; lastKnownFileType = text.plist.xml; path = Info.plist; sourceTree = "<group>"; };
		CBF04E2E1F6F4BB6009118C3 /* ViewController.swift */ = {isa = PBXFileReference; fileEncoding = 4; lastKnownFileType = sourcecode.swift; path = ViewController.swift; sourceTree = "<group>"; };
/* End PBXFileReference section */

/* Begin PBXFrameworksBuildPhase section */
		CBE82AF61F284E500050ABD4 /* Frameworks */ = {
			isa = PBXFrameworksBuildPhase;
			buildActionMask = 2147483647;
			files = (
			);
			runOnlyForDeploymentPostprocessing = 0;
		};
/* End PBXFrameworksBuildPhase section */

/* Begin PBXGroup section */
		CBE82AF01F284E500050ABD4 = {
			isa = PBXGroup;
			children = (
				CBE82AFB1F284E500050ABD4 /* MemeMe */,
				CBE82AFA1F284E500050ABD4 /* Products */,
			);
			sourceTree = "<group>";
		};
		CBE82AFA1F284E500050ABD4 /* Products */ = {
			isa = PBXGroup;
			children = (
				CBE82AF91F284E500050ABD4 /* MemeMe.app */,
			);
			name = Products;
			sourceTree = "<group>";
		};
		CBE82AFB1F284E500050ABD4 /* MemeMe */ = {
			isa = PBXGroup;
			children = (
				CBE82AFC1F284E500050ABD4 /* AppDelegate.swift */,
				CBBA2BEB1F3DBB43002E2B3E /* MemeMeFieldDelegate.swift */,
				CBF04E2E1F6F4BB6009118C3 /* ViewController.swift */,
				CBE82B001F284E500050ABD4 /* Main.storyboard */,
				CBE82B031F284E500050ABD4 /* Assets.xcassets */,
				CBE82B051F284E500050ABD4 /* LaunchScreen.storyboard */,
				CBE82B081F284E500050ABD4 /* Info.plist */,
			);
			path = MemeMe;
			sourceTree = "<group>";
		};
/* End PBXGroup section */

/* Begin PBXNativeTarget section */
		CBE82AF81F284E500050ABD4 /* MemeMe */ = {
			isa = PBXNativeTarget;
			buildConfigurationList = CBE82B0B1F284E500050ABD4 /* Build configuration list for PBXNativeTarget "MemeMe" */;
			buildPhases = (
				CBE82AF51F284E500050ABD4 /* Sources */,
				CBE82AF61F284E500050ABD4 /* Frameworks */,
				CBE82AF71F284E500050ABD4 /* Resources */,
			);
			buildRules = (
			);
			dependencies = (
			);
			name = MemeMe;
			productName = MemeMe;
			productReference = CBE82AF91F284E500050ABD4 /* MemeMe.app */;
			productType = "com.apple.product-type.application";
		};
/* End PBXNativeTarget section */

/* Begin PBXProject section */
		CBE82AF11F284E500050ABD4 /* Project object */ = {
			isa = PBXProject;
			attributes = {
				LastSwiftUpdateCheck = 0830;
				LastUpgradeCheck = 0830;
				ORGANIZATIONNAME = "Farzad Zamani";
				TargetAttributes = {
					CBE82AF81F284E500050ABD4 = {
						CreatedOnToolsVersion = 8.3.3;
						DevelopmentTeam = NM274J9JZR;
						ProvisioningStyle = Automatic;
					};
				};
			};
			buildConfigurationList = CBE82AF41F284E500050ABD4 /* Build configuration list for PBXProject "MemeMe" */;
			compatibilityVersion = "Xcode 3.2";
			developmentRegion = English;
			hasScannedForEncodings = 0;
			knownRegions = (
				en,
				Base,
			);
			mainGroup = CBE82AF01F284E500050ABD4;
			productRefGroup = CBE82AFA1F284E500050ABD4 /* Products */;
			projectDirPath = "";
			projectRoot = "";
			targets = (
				CBE82AF81F284E500050ABD4 /* MemeMe */,
			);
		};
/* End PBXProject section */

/* Begin PBXResourcesBuildPhase section */
		CBE82AF71F284E500050ABD4 /* Resources */ = {
			isa = PBXResourcesBuildPhase;
			buildActionMask = 2147483647;
			files = (
				CBE82B071F284E500050ABD4 /* LaunchScreen.storyboard in Resources */,
				CBE82B041F284E500050ABD4 /* Assets.xcassets in Resources */,
				CBE82B021F284E500050ABD4 /* Main.storyboard in Resources */,
			);
			runOnlyForDeploymentPostprocessing = 0;
		};
/* End PBXResourcesBuildPhase section */

/* Begin PBXSourcesBuildPhase section */
		CBE82AF51F284E500050ABD4 /* Sources */ = {
			isa = PBXSourcesBuildPhase;
			buildActionMask = 2147483647;
			files = (
				CBF04E2F1F6F4BB6009118C3 /* ViewController.swift in Sources */,
				CBBA2BEC1F3DBB43002E2B3E /* MemeMeFieldDelegate.swift in Sources */,
				CBE82AFD1F284E500050ABD4 /* AppDelegate.swift in Sources */,
			);
			runOnlyForDeploymentPostprocessing = 0;
		};
/* End PBXSourcesBuildPhase section */

/* Begin PBXVariantGroup section */
		CBE82B001F284E500050ABD4 /* Main.storyboard */ = {
			isa = PBXVariantGroup;
			children = (
				CBE82B011F284E500050ABD4 /* Base */,
			);
			name = Main.storyboard;
			sourceTree = "<group>";
		};
		CBE82B051F284E500050ABD4 /* LaunchScreen.storyboard */ = {
			isa = PBXVariantGroup;
			children = (
				CBE82B061F284E500050ABD4 /* Base */,
			);
			name = LaunchScreen.storyboard;
			sourceTree = "<group>";
		};
/* End PBXVariantGroup section */

/* Begin XCBuildConfiguration section */
		CBE82B091F284E500050ABD4 /* Debug */ = {
			isa = XCBuildConfiguration;
			buildSettings = {
				ALWAYS_SEARCH_USER_PATHS = NO;
				CLANG_ANALYZER_NONNULL = YES;
				CLANG_ANALYZER_NUMBER_OBJECT_CONVERSION = YES_AGGRESSIVE;
				CLANG_CXX_LANGUAGE_STANDARD = "gnu++0x";
				CLANG_CXX_LIBRARY = "libc++";
				CLANG_ENABLE_MODULES = YES;
				CLANG_ENABLE_OBJC_ARC = YES;
				CLANG_WARN_BOOL_CONVERSION = YES;
				CLANG_WARN_CONSTANT_CONVERSION = YES;
				CLANG_WARN_DIRECT_OBJC_ISA_USAGE = YES_ERROR;
				CLANG_WARN_DOCUMENTATION_COMMENTS = YES;
				CLANG_WARN_EMPTY_BODY = YES;
				CLANG_WARN_ENUM_CONVERSION = YES;
				CLANG_WARN_INFINITE_RECURSION = YES;
				CLANG_WARN_INT_CONVERSION = YES;
				CLANG_WARN_OBJC_ROOT_CLASS = YES_ERROR;
				CLANG_WARN_SUSPICIOUS_MOVE = YES;
				CLANG_WARN_UNREACHABLE_CODE = YES;
				CLANG_WARN__DUPLICATE_METHOD_MATCH = YES;
				"CODE_SIGN_IDENTITY[sdk=iphoneos*]" = "iPhone Developer";
				COPY_PHASE_STRIP = NO;
				DEBUG_INFORMATION_FORMAT = dwarf;
				ENABLE_STRICT_OBJC_MSGSEND = YES;
				ENABLE_TESTABILITY = YES;
				GCC_C_LANGUAGE_STANDARD = gnu99;
				GCC_DYNAMIC_NO_PIC = NO;
				GCC_NO_COMMON_BLOCKS = YES;
				GCC_OPTIMIZATION_LEVEL = 0;
				GCC_PREPROCESSOR_DEFINITIONS = (
					"DEBUG=1",
					"$(inherited)",
				);
				GCC_WARN_64_TO_32_BIT_CONVERSION = YES;
				GCC_WARN_ABOUT_RETURN_TYPE = YES_ERROR;
				GCC_WARN_UNDECLARED_SELECTOR = YES;
				GCC_WARN_UNINITIALIZED_AUTOS = YES_AGGRESSIVE;
				GCC_WARN_UNUSED_FUNCTION = YES;
				GCC_WARN_UNUSED_VARIABLE = YES;
				IPHONEOS_DEPLOYMENT_TARGET = 10.3;
				MTL_ENABLE_DEBUG_INFO = YES;
				ONLY_ACTIVE_ARCH = YES;
				SDKROOT = iphoneos;
				SWIFT_ACTIVE_COMPILATION_CONDITIONS = DEBUG;
				SWIFT_OPTIMIZATION_LEVEL = "-Onone";
				TARGETED_DEVICE_FAMILY = "1,2";
			};
			name = Debug;
		};
		CBE82B0A1F284E500050ABD4 /* Release */ = {
			isa = XCBuildConfiguration;
			buildSettings = {
				ALWAYS_SEARCH_USER_PATHS = NO;
				CLANG_ANALYZER_NONNULL = YES;
				CLANG_ANALYZER_NUMBER_OBJECT_CONVERSION = YES_AGGRESSIVE;
				CLANG_CXX_LANGUAGE_STANDARD = "gnu++0x";
				CLANG_CXX_LIBRARY = "libc++";
				CLANG_ENABLE_MODULES = YES;
				CLANG_ENABLE_OBJC_ARC = YES;
				CLANG_WARN_BOOL_CONVERSION = YES;
				CLANG_WARN_CONSTANT_CONVERSION = YES;
				CLANG_WARN_DIRECT_OBJC_ISA_USAGE = YES_ERROR;
				CLANG_WARN_DOCUMENTATION_COMMENTS = YES;
				CLANG_WARN_EMPTY_BODY = YES;
				CLANG_WARN_ENUM_CONVERSION = YES;
				CLANG_WARN_INFINITE_RECURSION = YES;
				CLANG_WARN_INT_CONVERSION = YES;
				CLANG_WARN_OBJC_ROOT_CLASS = YES_ERROR;
				CLANG_WARN_SUSPICIOUS_MOVE = YES;
				CLANG_WARN_UNREACHABLE_CODE = YES;
				CLANG_WARN__DUPLICATE_METHOD_MATCH = YES;
				"CODE_SIGN_IDENTITY[sdk=iphoneos*]" = "iPhone Developer";
				COPY_PHASE_STRIP = NO;
				DEBUG_INFORMATION_FORMAT = "dwarf-with-dsym";
				ENABLE_NS_ASSERTIONS = NO;
				ENABLE_STRICT_OBJC_MSGSEND = YES;
				GCC_C_LANGUAGE_STANDARD = gnu99;
				GCC_NO_COMMON_BLOCKS = YES;
				GCC_WARN_64_TO_32_BIT_CONVERSION = YES;
				GCC_WARN_ABOUT_RETURN_TYPE = YES_ERROR;
				GCC_WARN_UNDECLARED_SELECTOR = YES;
				GCC_WARN_UNINITIALIZED_AUTOS = YES_AGGRESSIVE;
				GCC_WARN_UNUSED_FUNCTION = YES;
				GCC_WARN_UNUSED_VARIABLE = YES;
				IPHONEOS_DEPLOYMENT_TARGET = 10.3;
				MTL_ENABLE_DEBUG_INFO = NO;
				SDKROOT = iphoneos;
				SWIFT_OPTIMIZATION_LEVEL = "-Owholemodule";
				TARGETED_DEVICE_FAMILY = "1,2";
				VALIDATE_PRODUCT = YES;
			};
			name = Release;
		};
		CBE82B0C1F284E500050ABD4 /* Debug */ = {
			isa = XCBuildConfiguration;
			buildSettings = {
				ASSETCATALOG_COMPILER_APPICON_NAME = AppIcon;
				DEVELOPMENT_TEAM = NM274J9JZR;
				INFOPLIST_FILE = MemeMe/Info.plist;
				LD_RUNPATH_SEARCH_PATHS = "$(inherited) @executable_path/Frameworks";
				PRODUCT_BUNDLE_IDENTIFIER = com.farzadzamani.MemeMe;
				PRODUCT_NAME = "$(TARGET_NAME)";
				SWIFT_VERSION = 3.0;
			};
			name = Debug;
		};
		CBE82B0D1F284E500050ABD4 /* Release */ = {
			isa = XCBuildConfiguration;
			buildSettings = {
				ASSETCATALOG_COMPILER_APPICON_NAME = AppIcon;
				DEVELOPMENT_TEAM = NM274J9JZR;
				INFOPLIST_FILE = MemeMe/Info.plist;
				LD_RUNPATH_SEARCH_PATHS = "$(inherited) @executable_path/Frameworks";
				PRODUCT_BUNDLE_IDENTIFIER = com.farzadzamani.MemeMe;
				PRODUCT_NAME = "$(TARGET_NAME)";
				SWIFT_VERSION = 3.0;
			};
			name = Release;
		};
/* End XCBuildConfiguration section */

/* Begin XCConfigurationList section */
		CBE82AF41F284E500050ABD4 /* Build configuration list for PBXProject "MemeMe" */ = {
			isa = XCConfigurationList;
			buildConfigurations = (
				CBE82B091F284E500050ABD4 /* Debug */,
				CBE82B0A1F284E500050ABD4 /* Release */,
			);
			defaultConfigurationIsVisible = 0;
			defaultConfigurationName = Release;
		};
		CBE82B0B1F284E500050ABD4 /* Build configuration list for PBXNativeTarget "MemeMe" */ = {
			isa = XCConfigurationList;
			buildConfigurations = (
				CBE82B0C1F284E500050ABD4 /* Debug */,
				CBE82B0D1F284E500050ABD4 /* Release */,
			);
			defaultConfigurationIsVisible = 0;
			defaultConfigurationName = Release;
		};
/* End XCConfigurationList section */
	};
	rootObject = CBE82AF11F284E500050ABD4 /* Project object */;
}
